
Microsoft Visual Studio Solution File, Format Version 12.00
# Visual Studio 14
VisualStudioVersion = 14.0.25123.0
MinimumVisualStudioVersion = 10.0.40219.1
Project("{FAE04EC0-301F-11D3-BF4B-00C04F79EFBC}") = "AddMeToRun", "AddMeToRun\AddMeToRun.csproj", "{5FC0D826-4600-450C-A9BE-24EC22906F81}"
EndProject
Global
	GlobalSection(SolutionConfigurationPlatforms) = preSolution
		Debug|Any CPU = Debug|Any CPU
		Debug|x86 = Debug|x86
		Release|Any CPU = Release|Any CPU
		Release|x86 = Release|x86
	EndGlobalSection
	GlobalSection(ProjectConfigurationPlatforms) = postSolution
		{5FC0D826-4600-450C-A9BE-24EC22906F81}.Debug|Any CPU.ActiveCfg = Debug|Any CPU
		{5FC0D826-4600-450C-A9BE-24EC22906F81}.Debug|Any CPU.Build.0 = Debug|Any CPU
		{5FC0D826-4600-450C-A9BE-24EC22906F81}.Debug|x86.ActiveCfg = Debug|x86
		{5FC0D826-4600-450C-A9BE-24EC22906F81}.Debug|x86.Build.0 = Debug|x86
		{5FC0D826-4600-450C-A9BE-24EC22906F81}.Release|Any CPU.ActiveCfg = Release|Any CPU
		{5FC0D826-4600-450C-A9BE-24EC22906F81}.Release|Any CPU.Build.0 = Release|Any CPU
		{5FC0D826-4600-450C-A9BE-24EC22906F81}.Release|x86.ActiveCfg = Release|x86
		{5FC0D826-4600-450C-A9BE-24EC22906F81}.Release|x86.Build.0 = Release|x86
	EndGlobalSection
	GlobalSection(SolutionProperties) = preSolution
		HideSolutionNode = FALSE
	EndGlobalSection
EndGlobal
